
Microsoft Visual Studio Solution File, Format Version 12.00
# Visual Studio Version 17
VisualStudioVersion = 17.0.31903.59
MinimumVisualStudioVersion = 10.0.40219.1
Project("{2150E333-8FDC-42A3-9474-1A3956D46DE8}") = "src", "src", "{827E0CD3-B72D-47B6-A68D-7590B98EB39B}"
EndProject
Project("{FAE04EC0-301F-11D3-BF4B-00C04F79EFBC}") = "Chop.Api", "src\Chop.Api\Chop.Api.csproj", "{6A772353-D493-4770-A604-D333063644E1}"
EndProject
Project("{FAE04EC0-301F-11D3-BF4B-00C04F79EFBC}") = "Chop.Infrastructure", "src\Chop.Infrastructure\Chop.Infrastructure.csproj", "{F96A7DCC-FA01-4090-987A-6BA61AD728D7}"
EndProject
Project("{FAE04EC0-301F-11D3-BF4B-00C04F79EFBC}") = "Chop.Domain", "src\Chop.Domain\Chop.Domain.csproj", "{228EAE73-B6DA-4B16-8B38-265D5CAB31F0}"
EndProject
Project("{FAE04EC0-301F-11D3-BF4B-00C04F79EFBC}") = "Chop.Shared", "src\Chop.Shared\Chop.Shared.csproj", "{BDB85596-3930-4F4B-B90C-E8A64826235D}"
EndProject
Project("{FAE04EC0-301F-11D3-BF4B-00C04F79EFBC}") = "Chop.Web", "src\Chop.Web\Chop.Web.csproj", "{0C3E372F-329D-460E-8A06-D60973D8588A}"
EndProject
Project("{FAE04EC0-301F-11D3-BF4B-00C04F79EFBC}") = "Chop.App.Mobile", "src\Chop.App.Mobile\Chop.App.Mobile.csproj", "{11421356-526B-4FA8-A5C0-2B5A2BC82B9F}"
EndProject
Project("{FAE04EC0-301F-11D3-BF4B-00C04F79EFBC}") = "Chop.Application", "src\Chop.Application\Chop.Application.csproj", "{9357622D-4EC6-41D2-8E13-4B81FE548D76}"
EndProject
Project("{2150E333-8FDC-42A3-9474-1A3956D46DE8}") = "tests", "tests", "{0AB3BF05-4346-4AA6-1389-037BE0695223}"
EndProject
Project("{FAE04EC0-301F-11D3-BF4B-00C04F79EFBC}") = "Chop.Api.Tests", "tests\Chop.Api.Tests\Chop.Api.Tests.csproj", "{E5177CDD-6D75-46D3-99E3-7D6B5C50FF3D}"
EndProject
Project("{FAE04EC0-301F-11D3-BF4B-00C04F79EFBC}") = "Chop.Application.Tests", "tests\Chop.Application.Tests\Chop.Application.Tests.csproj", "{BADEAA3C-22E6-45E8-B9EB-FC3E41A4AE9B}"
EndProject
Global
	GlobalSection(SolutionConfigurationPlatforms) = preSolution
		Debug|Any CPU = Debug|Any CPU
		Debug|x64 = Debug|x64
		Debug|x86 = Debug|x86
		Release|Any CPU = Release|Any CPU
		Release|x64 = Release|x64
		Release|x86 = Release|x86
	EndGlobalSection
	GlobalSection(ProjectConfigurationPlatforms) = postSolution
		{6A772353-D493-4770-A604-D333063644E1}.Debug|Any CPU.ActiveCfg = Debug|Any CPU
		{6A772353-D493-4770-A604-D333063644E1}.Debug|Any CPU.Build.0 = Debug|Any CPU
		{6A772353-D493-4770-A604-D333063644E1}.Debug|x64.ActiveCfg = Debug|Any CPU
		{6A772353-D493-4770-A604-D333063644E1}.Debug|x64.Build.0 = Debug|Any CPU
		{6A772353-D493-4770-A604-D333063644E1}.Debug|x86.ActiveCfg = Debug|Any CPU
		{6A772353-D493-4770-A604-D333063644E1}.Debug|x86.Build.0 = Debug|Any CPU
		{6A772353-D493-4770-A604-D333063644E1}.Release|Any CPU.ActiveCfg = Release|Any CPU
		{6A772353-D493-4770-A604-D333063644E1}.Release|Any CPU.Build.0 = Release|Any CPU
		{6A772353-D493-4770-A604-D333063644E1}.Release|x64.ActiveCfg = Release|Any CPU
		{6A772353-D493-4770-A604-D333063644E1}.Release|x64.Build.0 = Release|Any CPU
		{6A772353-D493-4770-A604-D333063644E1}.Release|x86.ActiveCfg = Release|Any CPU
		{6A772353-D493-4770-A604-D333063644E1}.Release|x86.Build.0 = Release|Any CPU
		{F96A7DCC-FA01-4090-987A-6BA61AD728D7}.Debug|Any CPU.ActiveCfg = Debug|Any CPU
		{F96A7DCC-FA01-4090-987A-6BA61AD728D7}.Debug|Any CPU.Build.0 = Debug|Any CPU
		{F96A7DCC-FA01-4090-987A-6BA61AD728D7}.Debug|x64.ActiveCfg = Debug|Any CPU
		{F96A7DCC-FA01-4090-987A-6BA61AD728D7}.Debug|x64.Build.0 = Debug|Any CPU
		{F96A7DCC-FA01-4090-987A-6BA61AD728D7}.Debug|x86.ActiveCfg = Debug|Any CPU
		{F96A7DCC-FA01-4090-987A-6BA61AD728D7}.Debug|x86.Build.0 = Debug|Any CPU
		{F96A7DCC-FA01-4090-987A-6BA61AD728D7}.Release|Any CPU.ActiveCfg = Release|Any CPU
		{F96A7DCC-FA01-4090-987A-6BA61AD728D7}.Release|Any CPU.Build.0 = Release|Any CPU
		{F96A7DCC-FA01-4090-987A-6BA61AD728D7}.Release|x64.ActiveCfg = Release|Any CPU
		{F96A7DCC-FA01-4090-987A-6BA61AD728D7}.Release|x64.Build.0 = Release|Any CPU
		{F96A7DCC-FA01-4090-987A-6BA61AD728D7}.Release|x86.ActiveCfg = Release|Any CPU
		{F96A7DCC-FA01-4090-987A-6BA61AD728D7}.Release|x86.Build.0 = Release|Any CPU
		{228EAE73-B6DA-4B16-8B38-265D5CAB31F0}.Debug|Any CPU.ActiveCfg = Debug|Any CPU
		{228EAE73-B6DA-4B16-8B38-265D5CAB31F0}.Debug|Any CPU.Build.0 = Debug|Any CPU
		{228EAE73-B6DA-4B16-8B38-265D5CAB31F0}.Debug|x64.ActiveCfg = Debug|Any CPU
		{228EAE73-B6DA-4B16-8B38-265D5CAB31F0}.Debug|x64.Build.0 = Debug|Any CPU
		{228EAE73-B6DA-4B16-8B38-265D5CAB31F0}.Debug|x86.ActiveCfg = Debug|Any CPU
		{228EAE73-B6DA-4B16-8B38-265D5CAB31F0}.Debug|x86.Build.0 = Debug|Any CPU
		{228EAE73-B6DA-4B16-8B38-265D5CAB31F0}.Release|Any CPU.ActiveCfg = Release|Any CPU
		{228EAE73-B6DA-4B16-8B38-265D5CAB31F0}.Release|Any CPU.Build.0 = Release|Any CPU
		{228EAE73-B6DA-4B16-8B38-265D5CAB31F0}.Release|x64.ActiveCfg = Release|Any CPU
		{228EAE73-B6DA-4B16-8B38-265D5CAB31F0}.Release|x64.Build.0 = Release|Any CPU
		{228EAE73-B6DA-4B16-8B38-265D5CAB31F0}.Release|x86.ActiveCfg = Release|Any CPU
		{228EAE73-B6DA-4B16-8B38-265D5CAB31F0}.Release|x86.Build.0 = Release|Any CPU
		{BDB85596-3930-4F4B-B90C-E8A64826235D}.Debug|Any CPU.ActiveCfg = Debug|Any CPU
		{BDB85596-3930-4F4B-B90C-E8A64826235D}.Debug|Any CPU.Build.0 = Debug|Any CPU
		{BDB85596-3930-4F4B-B90C-E8A64826235D}.Debug|x64.ActiveCfg = Debug|Any CPU
		{BDB85596-3930-4F4B-B90C-E8A64826235D}.Debug|x64.Build.0 = Debug|Any CPU
		{BDB85596-3930-4F4B-B90C-E8A64826235D}.Debug|x86.ActiveCfg = Debug|Any CPU
		{BDB85596-3930-4F4B-B90C-E8A64826235D}.Debug|x86.Build.0 = Debug|Any CPU
		{BDB85596-3930-4F4B-B90C-E8A64826235D}.Release|Any CPU.ActiveCfg = Release|Any CPU
		{BDB85596-3930-4F4B-B90C-E8A64826235D}.Release|Any CPU.Build.0 = Release|Any CPU
		{BDB85596-3930-4F4B-B90C-E8A64826235D}.Release|x64.ActiveCfg = Release|Any CPU
		{BDB85596-3930-4F4B-B90C-E8A64826235D}.Release|x64.Build.0 = Release|Any CPU
		{BDB85596-3930-4F4B-B90C-E8A64826235D}.Release|x86.ActiveCfg = Release|Any CPU
		{BDB85596-3930-4F4B-B90C-E8A64826235D}.Release|x86.Build.0 = Release|Any CPU
		{0C3E372F-329D-460E-8A06-D60973D8588A}.Debug|Any CPU.ActiveCfg = Debug|Any CPU
		{0C3E372F-329D-460E-8A06-D60973D8588A}.Debug|Any CPU.Build.0 = Debug|Any CPU
		{0C3E372F-329D-460E-8A06-D60973D8588A}.Debug|x64.ActiveCfg = Debug|Any CPU
		{0C3E372F-329D-460E-8A06-D60973D8588A}.Debug|x64.Build.0 = Debug|Any CPU
		{0C3E372F-329D-460E-8A06-D60973D8588A}.Debug|x86.ActiveCfg = Debug|Any CPU
		{0C3E372F-329D-460E-8A06-D60973D8588A}.Debug|x86.Build.0 = Debug|Any CPU
		{0C3E372F-329D-460E-8A06-D60973D8588A}.Release|Any CPU.ActiveCfg = Release|Any CPU
		{0C3E372F-329D-460E-8A06-D60973D8588A}.Release|Any CPU.Build.0 = Release|Any CPU
		{0C3E372F-329D-460E-8A06-D60973D8588A}.Release|x64.ActiveCfg = Release|Any CPU
		{0C3E372F-329D-460E-8A06-D60973D8588A}.Release|x64.Build.0 = Release|Any CPU
		{0C3E372F-329D-460E-8A06-D60973D8588A}.Release|x86.ActiveCfg = Release|Any CPU
		{0C3E372F-329D-460E-8A06-D60973D8588A}.Release|x86.Build.0 = Release|Any CPU
		{11421356-526B-4FA8-A5C0-2B5A2BC82B9F}.Debug|Any CPU.ActiveCfg = Debug|Any CPU
		{11421356-526B-4FA8-A5C0-2B5A2BC82B9F}.Debug|Any CPU.Build.0 = Debug|Any CPU
		{11421356-526B-4FA8-A5C0-2B5A2BC82B9F}.Debug|x64.ActiveCfg = Debug|Any CPU
		{11421356-526B-4FA8-A5C0-2B5A2BC82B9F}.Debug|x64.Build.0 = Debug|Any CPU
		{11421356-526B-4FA8-A5C0-2B5A2BC82B9F}.Debug|x86.ActiveCfg = Debug|Any CPU
		{11421356-526B-4FA8-A5C0-2B5A2BC82B9F}.Debug|x86.Build.0 = Debug|Any CPU
		{11421356-526B-4FA8-A5C0-2B5A2BC82B9F}.Release|Any CPU.ActiveCfg = Release|Any CPU
		{11421356-526B-4FA8-A5C0-2B5A2BC82B9F}.Release|Any CPU.Build.0 = Release|Any CPU
		{11421356-526B-4FA8-A5C0-2B5A2BC82B9F}.Release|x64.ActiveCfg = Release|Any CPU
		{11421356-526B-4FA8-A5C0-2B5A2BC82B9F}.Release|x64.Build.0 = Release|Any CPU
		{11421356-526B-4FA8-A5C0-2B5A2BC82B9F}.Release|x86.ActiveCfg = Release|Any CPU
		{11421356-526B-4FA8-A5C0-2B5A2BC82B9F}.Release|x86.Build.0 = Release|Any CPU
		{9357622D-4EC6-41D2-8E13-4B81FE548D76}.Debug|Any CPU.ActiveCfg = Debug|Any CPU
		{9357622D-4EC6-41D2-8E13-4B81FE548D76}.Debug|Any CPU.Build.0 = Debug|Any CPU
		{9357622D-4EC6-41D2-8E13-4B81FE548D76}.Debug|x64.ActiveCfg = Debug|Any CPU
		{9357622D-4EC6-41D2-8E13-4B81FE548D76}.Debug|x64.Build.0 = Debug|Any CPU
		{9357622D-4EC6-41D2-8E13-4B81FE548D76}.Debug|x86.ActiveCfg = Debug|Any CPU
		{9357622D-4EC6-41D2-8E13-4B81FE548D76}.Debug|x86.Build.0 = Debug|Any CPU
		{9357622D-4EC6-41D2-8E13-4B81FE548D76}.Release|Any CPU.ActiveCfg = Release|Any CPU
		{9357622D-4EC6-41D2-8E13-4B81FE548D76}.Release|Any CPU.Build.0 = Release|Any CPU
		{9357622D-4EC6-41D2-8E13-4B81FE548D76}.Release|x64.ActiveCfg = Release|Any CPU
		{9357622D-4EC6-41D2-8E13-4B81FE548D76}.Release|x64.Build.0 = Release|Any CPU
		{9357622D-4EC6-41D2-8E13-4B81FE548D76}.Release|x86.ActiveCfg = Release|Any CPU
		{9357622D-4EC6-41D2-8E13-4B81FE548D76}.Release|x86.Build.0 = Release|Any CPU
		{E5177CDD-6D75-46D3-99E3-7D6B5C50FF3D}.Debug|Any CPU.ActiveCfg = Debug|Any CPU
		{E5177CDD-6D75-46D3-99E3-7D6B5C50FF3D}.Debug|Any CPU.Build.0 = Debug|Any CPU
		{E5177CDD-6D75-46D3-99E3-7D6B5C50FF3D}.Debug|x64.ActiveCfg = Debug|Any CPU
		{E5177CDD-6D75-46D3-99E3-7D6B5C50FF3D}.Debug|x64.Build.0 = Debug|Any CPU
		{E5177CDD-6D75-46D3-99E3-7D6B5C50FF3D}.Debug|x86.ActiveCfg = Debug|Any CPU
		{E5177CDD-6D75-46D3-99E3-7D6B5C50FF3D}.Debug|x86.Build.0 = Debug|Any CPU
		{E5177CDD-6D75-46D3-99E3-7D6B5C50FF3D}.Release|Any CPU.ActiveCfg = Release|Any CPU
		{E5177CDD-6D75-46D3-99E3-7D6B5C50FF3D}.Release|Any CPU.Build.0 = Release|Any CPU
		{E5177CDD-6D75-46D3-99E3-7D6B5C50FF3D}.Release|x64.ActiveCfg = Release|Any CPU
		{E5177CDD-6D75-46D3-99E3-7D6B5C50FF3D}.Release|x64.Build.0 = Release|Any CPU
		{E5177CDD-6D75-46D3-99E3-7D6B5C50FF3D}.Release|x86.ActiveCfg = Release|Any CPU
		{E5177CDD-6D75-46D3-99E3-7D6B5C50FF3D}.Release|x86.Build.0 = Release|Any CPU
		{BADEAA3C-22E6-45E8-B9EB-FC3E41A4AE9B}.Debug|Any CPU.ActiveCfg = Debug|Any CPU
		{BADEAA3C-22E6-45E8-B9EB-FC3E41A4AE9B}.Debug|Any CPU.Build.0 = Debug|Any CPU
		{BADEAA3C-22E6-45E8-B9EB-FC3E41A4AE9B}.Debug|x64.ActiveCfg = Debug|Any CPU
		{BADEAA3C-22E6-45E8-B9EB-FC3E41A4AE9B}.Debug|x64.Build.0 = Debug|Any CPU
		{BADEAA3C-22E6-45E8-B9EB-FC3E41A4AE9B}.Debug|x86.ActiveCfg = Debug|Any CPU
		{BADEAA3C-22E6-45E8-B9EB-FC3E41A4AE9B}.Debug|x86.Build.0 = Debug|Any CPU
		{BADEAA3C-22E6-45E8-B9EB-FC3E41A4AE9B}.Release|Any CPU.ActiveCfg = Release|Any CPU
		{BADEAA3C-22E6-45E8-B9EB-FC3E41A4AE9B}.Release|Any CPU.Build.0 = Release|Any CPU
		{BADEAA3C-22E6-45E8-B9EB-FC3E41A4AE9B}.Release|x64.ActiveCfg = Release|Any CPU
		{BADEAA3C-22E6-45E8-B9EB-FC3E41A4AE9B}.Release|x64.Build.0 = Release|Any CPU
		{BADEAA3C-22E6-45E8-B9EB-FC3E41A4AE9B}.Release|x86.ActiveCfg = Release|Any CPU
		{BADEAA3C-22E6-45E8-B9EB-FC3E41A4AE9B}.Release|x86.Build.0 = Release|Any CPU
	EndGlobalSection
	GlobalSection(SolutionProperties) = preSolution
		HideSolutionNode = FALSE
	EndGlobalSection
	GlobalSection(NestedProjects) = preSolution
		{6A772353-D493-4770-A604-D333063644E1} = {827E0CD3-B72D-47B6-A68D-7590B98EB39B}
		{F96A7DCC-FA01-4090-987A-6BA61AD728D7} = {827E0CD3-B72D-47B6-A68D-7590B98EB39B}
		{228EAE73-B6DA-4B16-8B38-265D5CAB31F0} = {827E0CD3-B72D-47B6-A68D-7590B98EB39B}
		{BDB85596-3930-4F4B-B90C-E8A64826235D} = {827E0CD3-B72D-47B6-A68D-7590B98EB39B}
		{0C3E372F-329D-460E-8A06-D60973D8588A} = {827E0CD3-B72D-47B6-A68D-7590B98EB39B}
		{11421356-526B-4FA8-A5C0-2B5A2BC82B9F} = {827E0CD3-B72D-47B6-A68D-7590B98EB39B}
		{9357622D-4EC6-41D2-8E13-4B81FE548D76} = {827E0CD3-B72D-47B6-A68D-7590B98EB39B}
		{E5177CDD-6D75-46D3-99E3-7D6B5C50FF3D} = {0AB3BF05-4346-4AA6-1389-037BE0695223}
		{BADEAA3C-22E6-45E8-B9EB-FC3E41A4AE9B} = {0AB3BF05-4346-4AA6-1389-037BE0695223}
	EndGlobalSection
EndGlobal
